
Microsoft Visual Studio Solution File, Format Version 12.00
# Visual Studio 15
VisualStudioVersion = 15.0.26730.16
MinimumVisualStudioVersion = 10.0.40219.1
Project("{9A19103F-16F7-4668-BE54-9A1E7A4F7556}") = "Funccy", "src\Funccy\Funccy.csproj", "{A2B0B650-1B0D-45FA-9161-FFB8BCB82D79}"
EndProject
Project("{2150E333-8FDC-42A3-9474-1A3956D46DE8}") = "Docs", "Docs", "{F36F7946-228C-41A4-9FAB-5588927F9AC1}"
EndProject
Project("{2150E333-8FDC-42A3-9474-1A3956D46DE8}") = "Solution Items", "Solution Items", "{3CCB9B2F-843C-4A3F-8EFC-A35702994A36}"
	ProjectSection(SolutionItems) = preProject
		appveyor.yml = appveyor.yml
	EndProjectSection
EndProject
Project("{FAE04EC0-301F-11D3-BF4B-00C04F79EFBC}") = "Funccy.Tests", "test\Funccy.Tests\Funccy.Tests.csproj", "{3C48EE8A-F34F-46C6-AE56-5553FC3E1A39}"
EndProject
Global
	GlobalSection(SolutionConfigurationPlatforms) = preSolution
		Debug|Any CPU = Debug|Any CPU
		Release|Any CPU = Release|Any CPU
	EndGlobalSection
	GlobalSection(ProjectConfigurationPlatforms) = postSolution
		{A2B0B650-1B0D-45FA-9161-FFB8BCB82D79}.Debug|Any CPU.ActiveCfg = Debug|Any CPU
		{A2B0B650-1B0D-45FA-9161-FFB8BCB82D79}.Debug|Any CPU.Build.0 = Debug|Any CPU
		{A2B0B650-1B0D-45FA-9161-FFB8BCB82D79}.Release|Any CPU.ActiveCfg = Release|Any CPU
		{A2B0B650-1B0D-45FA-9161-FFB8BCB82D79}.Release|Any CPU.Build.0 = Release|Any CPU
		{3C48EE8A-F34F-46C6-AE56-5553FC3E1A39}.Debug|Any CPU.ActiveCfg = Debug|Any CPU
		{3C48EE8A-F34F-46C6-AE56-5553FC3E1A39}.Debug|Any CPU.Build.0 = Debug|Any CPU
		{3C48EE8A-F34F-46C6-AE56-5553FC3E1A39}.Release|Any CPU.ActiveCfg = Release|Any CPU
		{3C48EE8A-F34F-46C6-AE56-5553FC3E1A39}.Release|Any CPU.Build.0 = Release|Any CPU
	EndGlobalSection
	GlobalSection(SolutionProperties) = preSolution
		HideSolutionNode = FALSE
	EndGlobalSection
	GlobalSection(ExtensibilityGlobals) = postSolution
		SolutionGuid = {AE4677D9-5866-4C48-91FA-CDE17E80B1C7}
	EndGlobalSection
EndGlobal
